{
  "version": 4,
  "terraform_version": "1.6.3",
  "serial": 1777,
  "lineage": "6186301e-07a9-b483-afdc-76f02daa9d02",
  "outputs": {
    "external_ip_address_k8s": {
      "value": [
        "158.160.120.170",
        "158.160.41.123",
        "51.250.4.102",
        "158.160.104.132",
        "158.160.53.191",
        "158.160.34.68"
      ],
      "type": [
        "tuple",
        [
          "string",
          "string",
          "string",
          "string",
          "string",
          "string"
        ]
      ]
    }
  },
  "resources": [
    {
      "mode": "data",
      "type": "yandex_compute_image",
      "name": "ubuntu-image",
      "provider": "provider[\"registry.terraform.io/yandex-cloud/yandex\"]",
      "instances": [
        {
          "schema_version": 0,
          "attributes": {
            "created_at": "2024-03-25T10:58:12Z",
            "description": "ubuntu 20.04 lts",
            "family": "ubuntu-2004-lts",
            "folder_id": "standard-images",
            "id": "fd8si6gmot2u7jc6j386",
            "image_id": "fd8si6gmot2u7jc6j386",
            "labels": {},
            "min_disk_size": 5,
            "name": "ubuntu-20-04-lts-v20240325",
            "os_type": "linux",
            "pooled": true,
            "product_ids": [
              "f2eao7bu30lc4htm4gjo"
            ],
            "size": 4,
            "status": "ready"
          },
          "sensitive_attributes": []
        }
      ]
    },
    {
      "mode": "managed",
      "type": "local_file",
      "name": "inventory",
      "provider": "provider[\"registry.terraform.io/hashicorp/local\"]",
      "instances": [
        {
          "schema_version": 0,
          "attributes": {
            "content": "[master]\nk8s-0 ansible_host=158.160.120.170\n\n[workers]\nk8s-1 ansible_host=158.160.41.123\nk8s-2 ansible_host=51.250.4.102\n\n[gitlab]\nk8s-3 ansible_host=158.160.104.132\n\n[prometheus]\nk8s-4 ansible_host=158.160.53.191\n\n[rabbit]\nk8s-5 ansible_host=158.160.34.68",
            "content_base64": null,
            "content_base64sha256": "V7l3kjLQsnOX/HiwTGPdor7eMa8RqF3tuDOk3bhwQF0=",
            "content_base64sha512": "6k1rb8eCJhruqZSVcN3sDlvAb2Lb8foNn1ICEAMGSEL1ZsOnAj7tLrqj9kvWyaNEG5/e5jZLpzEq1xpz3l8yNg==",
            "content_md5": "f26855d6abd200921d75b320e17147cd",
            "content_sha1": "fb8f92e2986cd7361fe50d6aa849f07634c81d3c",
            "content_sha256": "57b9779232d0b27397fc78b04c63dda2bede31af11a85dedb833a4ddb870405d",
            "content_sha512": "ea4d6b6fc782261aeea9949570ddec0e5bc06f62dbf1fa0d9f52021003064842f566c3a7023eed2ebaa3f64bd6c9a3441b9fdee6364ba7312ad71a73de5f3236",
            "directory_permission": "0777",
            "file_permission": "0777",
            "filename": "../ansible/inventory.ini",
            "id": "fb8f92e2986cd7361fe50d6aa849f07634c81d3c",
            "sensitive_content": null,
            "source": null
          },
          "sensitive_attributes": [],
          "dependencies": [
            "data.yandex_compute_image.ubuntu-image",
            "yandex_compute_instance.k8s"
          ]
        }
      ]
    },
    {
      "mode": "managed",
      "type": "local_file",
      "name": "manifest",
      "provider": "provider[\"registry.terraform.io/hashicorp/local\"]",
      "instances": [
        {
          "schema_version": 0,
          "attributes": {
            "content": "#!/bin/bash\necho \"run apps\"\nsleep 5\ncd ./terraform/\nssh ubuntu@158.160.120.170 ./script2.sh\n",
            "content_base64": null,
            "content_base64sha256": "3gD9F68Kl5DSApbBaTeSthlBFbbxnqRxwe3iWD7ygRo=",
            "content_base64sha512": "iG2d1zv8pcdMtHjyeetAyKCwoN7bFUaLQmp3rkTHgf4GUYzs+R3yLHzA2OE/zxSFwCEh27j35r7K0se8+yLLzQ==",
            "content_md5": "6414c8af52868265921236aec632d0c6",
            "content_sha1": "c99bda543d004f71d7775cd44292f53af19859cb",
            "content_sha256": "de00fd17af0a9790d20296c1693792b6194115b6f19ea471c1ede2583ef2811a",
            "content_sha512": "886d9dd73bfca5c74cb478f279eb40c8a0b0a0dedb15468b426a77ae44c781fe06518cecf91df22c7cc0d8e13fcf1485c02121dbb8f7e6becad2c7bcfb22cbcd",
            "directory_permission": "0777",
            "file_permission": "0777",
            "filename": "../manifest.sh",
            "id": "c99bda543d004f71d7775cd44292f53af19859cb",
            "sensitive_content": null,
            "source": null
          },
          "sensitive_attributes": [],
          "dependencies": [
            "data.yandex_compute_image.ubuntu-image",
            "yandex_compute_instance.k8s"
          ]
        }
      ]
    },
    {
      "mode": "managed",
      "type": "local_file",
      "name": "prometheus",
      "provider": "provider[\"registry.terraform.io/hashicorp/local\"]",
      "instances": [
        {
          "schema_version": 0,
          "attributes": {
            "content": "---\nglobal:\n  scrape_interval: '5s'\n\nscrape_configs:\n  - job_name: 'prometheus'\n    static_configs:\n      - targets:\n        - 'localhost:9090'\n\n  - job_name: 'ui'\n    static_configs:\n      - targets:\n        - '158.160.120.170:32092'\n#        - 'ui:8000'\n\n  - job_name: 'search-crawler'\n    static_configs:\n      - targets:\n        - '158.160.120.170:32092'\n#        - 'crawler:8000'\n",
            "content_base64": null,
            "content_base64sha256": "q+J9nWw65MwRqq57aOVUR97sBVgjZ37nWQDxWF24XUE=",
            "content_base64sha512": "csqReuumOZwL+kfSwgD3ZkO6hzjvV4qmG0KpPe8FgJ58SqiJaWE5jXpxZ9FGI3Arz9m03oo3l+4axz6qSNI7xQ==",
            "content_md5": "353d0d0eba534abe47885c169bdca3f7",
            "content_sha1": "46c060f812df72b4c7fca4c509f4a298fce88034",
            "content_sha256": "abe27d9d6c3ae4cc11aaae7b68e55447deec055823677ee75900f1585db85d41",
            "content_sha512": "72ca917aeba6399c0bfa47d2c200f76643ba8738ef578aa61b42a93def05809e7c4aa8896961398d7a7167d14623702bcfd9b4de8a3797ee1ac73eaa48d23bc5",
            "directory_permission": "0777",
            "file_permission": "0777",
            "filename": "../ansible/roles/prometheus/files/prometheus.yml",
            "id": "46c060f812df72b4c7fca4c509f4a298fce88034",
            "sensitive_content": null,
            "source": null
          },
          "sensitive_attributes": [],
          "dependencies": [
            "data.yandex_compute_image.ubuntu-image",
            "yandex_compute_instance.k8s"
          ]
        }
      ]
    },
    {
      "mode": "managed",
      "type": "yandex_compute_instance",
      "name": "k8s",
      "provider": "provider[\"registry.terraform.io/yandex-cloud/yandex\"]",
      "instances": [
        {
          "index_key": 0,
          "schema_version": 1,
          "attributes": {
            "allow_recreate": null,
            "allow_stopping_for_update": null,
            "boot_disk": [
              {
                "auto_delete": true,
                "device_name": "fhmh1e3du06ikcj2r0v5",
                "disk_id": "fhmh1e3du06ikcj2r0v5",
                "initialize_params": [
                  {
                    "block_size": 4096,
                    "description": "",
                    "image_id": "fd8si6gmot2u7jc6j386",
                    "name": "",
                    "size": 30,
                    "snapshot_id": "",
                    "type": "network-ssd"
                  }
                ],
                "mode": "READ_WRITE"
              }
            ],
            "created_at": "2024-03-26T08:46:53Z",
            "description": "",
            "filesystem": [],
            "folder_id": "b1g3ag9m932ds92jhgtr",
            "fqdn": "fhmeb5isn70kcklen0od.auto.internal",
            "gpu_cluster_id": "",
            "hostname": "",
            "id": "fhmeb5isn70kcklen0od",
            "labels": {},
            "local_disk": [],
            "maintenance_grace_period": "",
            "maintenance_policy": null,
            "metadata": {
              "ssh-keys": "ubuntu:ssh-ed25519 AAAAC3NzaC1lZDI1NTE5AAAAIJMQZm/YFrz1Qaevs+YSHswd8XmQRRPZMcXi6LmVFKBC a.s.shmakov33@yandex.ru\n"
            },
            "metadata_options": [
              {
                "aws_v1_http_endpoint": 1,
                "aws_v1_http_token": 2,
                "gce_http_endpoint": 1,
                "gce_http_token": 1
              }
            ],
            "name": "k8s-0",
            "network_acceleration_type": "standard",
            "network_interface": [
              {
                "dns_record": [],
                "index": 0,
                "ip_address": "10.128.0.19",
                "ipv4": true,
                "ipv6": false,
                "ipv6_address": "",
                "ipv6_dns_record": [],
                "mac_address": "d0:0d:e5:96:5c:b9",
                "nat": true,
                "nat_dns_record": [],
                "nat_ip_address": "158.160.120.170",
                "nat_ip_version": "IPV4",
                "security_group_ids": [],
                "subnet_id": "e9b3c3psr2ev2v2di99u"
              }
            ],
            "placement_policy": [
              {
                "host_affinity_rules": [],
                "placement_group_id": "",
                "placement_group_partition": 0
              }
            ],
            "platform_id": "standard-v1",
            "resources": [
              {
                "core_fraction": 100,
                "cores": 4,
                "gpus": 0,
                "memory": 4
              }
            ],
            "scheduling_policy": [
              {
                "preemptible": false
              }
            ],
            "secondary_disk": [],
            "service_account_id": "",
            "status": "running",
            "timeouts": {
              "create": "15m",
              "delete": "10m",
              "update": "5m"
            },
            "zone": "ru-central1-a"
          },
          "sensitive_attributes": [],
          "private": "eyJlMmJmYjczMC1lY2FhLTExZTYtOGY4OC0zNDM2M2JjN2M0YzAiOnsiY3JlYXRlIjo5MDAwMDAwMDAwMDAsImRlbGV0ZSI6NjAwMDAwMDAwMDAwLCJ1cGRhdGUiOjMwMDAwMDAwMDAwMH0sInNjaGVtYV92ZXJzaW9uIjoiMSJ9",
          "dependencies": [
            "data.yandex_compute_image.ubuntu-image"
          ]
        },
        {
          "index_key": 1,
          "schema_version": 1,
          "attributes": {
            "allow_recreate": null,
            "allow_stopping_for_update": null,
            "boot_disk": [
              {
                "auto_delete": true,
                "device_name": "fhmac9fmrh2gis5ehh8t",
                "disk_id": "fhmac9fmrh2gis5ehh8t",
                "initialize_params": [
                  {
                    "block_size": 4096,
                    "description": "",
                    "image_id": "fd8si6gmot2u7jc6j386",
                    "name": "",
                    "size": 30,
                    "snapshot_id": "",
                    "type": "network-ssd"
                  }
                ],
                "mode": "READ_WRITE"
              }
            ],
            "created_at": "2024-03-26T08:46:53Z",
            "description": "",
            "filesystem": [],
            "folder_id": "b1g3ag9m932ds92jhgtr",
            "fqdn": "fhmpve0lpcu4nshhnjaj.auto.internal",
            "gpu_cluster_id": "",
            "hostname": "",
            "id": "fhmpve0lpcu4nshhnjaj",
            "labels": {},
            "local_disk": [],
            "maintenance_grace_period": "",
            "maintenance_policy": null,
            "metadata": {
              "ssh-keys": "ubuntu:ssh-ed25519 AAAAC3NzaC1lZDI1NTE5AAAAIJMQZm/YFrz1Qaevs+YSHswd8XmQRRPZMcXi6LmVFKBC a.s.shmakov33@yandex.ru\n"
            },
            "metadata_options": [
              {
                "aws_v1_http_endpoint": 1,
                "aws_v1_http_token": 2,
                "gce_http_endpoint": 1,
                "gce_http_token": 1
              }
            ],
            "name": "k8s-1",
            "network_acceleration_type": "standard",
            "network_interface": [
              {
                "dns_record": [],
                "index": 0,
                "ip_address": "10.128.0.29",
                "ipv4": true,
                "ipv6": false,
                "ipv6_address": "",
                "ipv6_dns_record": [],
                "mac_address": "d0:0d:19:fb:81:5c",
                "nat": true,
                "nat_dns_record": [],
                "nat_ip_address": "158.160.41.123",
                "nat_ip_version": "IPV4",
                "security_group_ids": [],
                "subnet_id": "e9b3c3psr2ev2v2di99u"
              }
            ],
            "placement_policy": [
              {
                "host_affinity_rules": [],
                "placement_group_id": "",
                "placement_group_partition": 0
              }
            ],
            "platform_id": "standard-v1",
            "resources": [
              {
                "core_fraction": 100,
                "cores": 4,
                "gpus": 0,
                "memory": 4
              }
            ],
            "scheduling_policy": [
              {
                "preemptible": false
              }
            ],
            "secondary_disk": [],
            "service_account_id": "",
            "status": "running",
            "timeouts": {
              "create": "15m",
              "delete": "10m",
              "update": "5m"
            },
            "zone": "ru-central1-a"
          },
          "sensitive_attributes": [],
          "private": "eyJlMmJmYjczMC1lY2FhLTExZTYtOGY4OC0zNDM2M2JjN2M0YzAiOnsiY3JlYXRlIjo5MDAwMDAwMDAwMDAsImRlbGV0ZSI6NjAwMDAwMDAwMDAwLCJ1cGRhdGUiOjMwMDAwMDAwMDAwMH0sInNjaGVtYV92ZXJzaW9uIjoiMSJ9",
          "dependencies": [
            "data.yandex_compute_image.ubuntu-image"
          ]
        },
        {
          "index_key": 2,
          "schema_version": 1,
          "attributes": {
            "allow_recreate": null,
            "allow_stopping_for_update": null,
            "boot_disk": [
              {
                "auto_delete": true,
                "device_name": "fhm7pnq2qfplmmiu0skf",
                "disk_id": "fhm7pnq2qfplmmiu0skf",
                "initialize_params": [
                  {
                    "block_size": 4096,
                    "description": "",
                    "image_id": "fd8si6gmot2u7jc6j386",
                    "name": "",
                    "size": 30,
                    "snapshot_id": "",
                    "type": "network-ssd"
                  }
                ],
                "mode": "READ_WRITE"
              }
            ],
            "created_at": "2024-03-26T08:46:53Z",
            "description": "",
            "filesystem": [],
            "folder_id": "b1g3ag9m932ds92jhgtr",
            "fqdn": "fhmdm16i3irb3m3gms2j.auto.internal",
            "gpu_cluster_id": "",
            "hostname": "",
            "id": "fhmdm16i3irb3m3gms2j",
            "labels": {},
            "local_disk": [],
            "maintenance_grace_period": "",
            "maintenance_policy": null,
            "metadata": {
              "ssh-keys": "ubuntu:ssh-ed25519 AAAAC3NzaC1lZDI1NTE5AAAAIJMQZm/YFrz1Qaevs+YSHswd8XmQRRPZMcXi6LmVFKBC a.s.shmakov33@yandex.ru\n"
            },
            "metadata_options": [
              {
                "aws_v1_http_endpoint": 1,
                "aws_v1_http_token": 2,
                "gce_http_endpoint": 1,
                "gce_http_token": 1
              }
            ],
            "name": "k8s-2",
            "network_acceleration_type": "standard",
            "network_interface": [
              {
                "dns_record": [],
                "index": 0,
                "ip_address": "10.128.0.14",
                "ipv4": true,
                "ipv6": false,
                "ipv6_address": "",
                "ipv6_dns_record": [],
                "mac_address": "d0:0d:db:04:d2:1c",
                "nat": true,
                "nat_dns_record": [],
                "nat_ip_address": "51.250.4.102",
                "nat_ip_version": "IPV4",
                "security_group_ids": [],
                "subnet_id": "e9b3c3psr2ev2v2di99u"
              }
            ],
            "placement_policy": [
              {
                "host_affinity_rules": [],
                "placement_group_id": "",
                "placement_group_partition": 0
              }
            ],
            "platform_id": "standard-v1",
            "resources": [
              {
                "core_fraction": 100,
                "cores": 4,
                "gpus": 0,
                "memory": 4
              }
            ],
            "scheduling_policy": [
              {
                "preemptible": false
              }
            ],
            "secondary_disk": [],
            "service_account_id": "",
            "status": "running",
            "timeouts": {
              "create": "15m",
              "delete": "10m",
              "update": "5m"
            },
            "zone": "ru-central1-a"
          },
          "sensitive_attributes": [],
          "private": "eyJlMmJmYjczMC1lY2FhLTExZTYtOGY4OC0zNDM2M2JjN2M0YzAiOnsiY3JlYXRlIjo5MDAwMDAwMDAwMDAsImRlbGV0ZSI6NjAwMDAwMDAwMDAwLCJ1cGRhdGUiOjMwMDAwMDAwMDAwMH0sInNjaGVtYV92ZXJzaW9uIjoiMSJ9",
          "dependencies": [
            "data.yandex_compute_image.ubuntu-image"
          ]
        },
        {
          "index_key": 3,
          "schema_version": 1,
          "attributes": {
            "allow_recreate": null,
            "allow_stopping_for_update": null,
            "boot_disk": [
              {
                "auto_delete": true,
                "device_name": "fhmap1t1b6g944qatmf7",
                "disk_id": "fhmap1t1b6g944qatmf7",
                "initialize_params": [
                  {
                    "block_size": 4096,
                    "description": "",
                    "image_id": "fd8si6gmot2u7jc6j386",
                    "name": "",
                    "size": 30,
                    "snapshot_id": "",
                    "type": "network-ssd"
                  }
                ],
                "mode": "READ_WRITE"
              }
            ],
            "created_at": "2024-03-26T08:46:53Z",
            "description": "",
            "filesystem": [],
            "folder_id": "b1g3ag9m932ds92jhgtr",
            "fqdn": "fhm5ujd5tro7a4q0obnh.auto.internal",
            "gpu_cluster_id": "",
            "hostname": "",
            "id": "fhm5ujd5tro7a4q0obnh",
            "labels": {},
            "local_disk": [],
            "maintenance_grace_period": "",
            "maintenance_policy": null,
            "metadata": {
              "ssh-keys": "ubuntu:ssh-ed25519 AAAAC3NzaC1lZDI1NTE5AAAAIJMQZm/YFrz1Qaevs+YSHswd8XmQRRPZMcXi6LmVFKBC a.s.shmakov33@yandex.ru\n"
            },
            "metadata_options": [
              {
                "aws_v1_http_endpoint": 1,
                "aws_v1_http_token": 2,
                "gce_http_endpoint": 1,
                "gce_http_token": 1
              }
            ],
            "name": "k8s-3",
            "network_acceleration_type": "standard",
            "network_interface": [
              {
                "dns_record": [],
                "index": 0,
                "ip_address": "10.128.0.33",
                "ipv4": true,
                "ipv6": false,
                "ipv6_address": "",
                "ipv6_dns_record": [],
                "mac_address": "d0:0d:5f:4d:a5:ee",
                "nat": true,
                "nat_dns_record": [],
                "nat_ip_address": "158.160.104.132",
                "nat_ip_version": "IPV4",
                "security_group_ids": [],
                "subnet_id": "e9b3c3psr2ev2v2di99u"
              }
            ],
            "placement_policy": [
              {
                "host_affinity_rules": [],
                "placement_group_id": "",
                "placement_group_partition": 0
              }
            ],
            "platform_id": "standard-v1",
            "resources": [
              {
                "core_fraction": 100,
                "cores": 4,
                "gpus": 0,
                "memory": 4
              }
            ],
            "scheduling_policy": [
              {
                "preemptible": false
              }
            ],
            "secondary_disk": [],
            "service_account_id": "",
            "status": "running",
            "timeouts": {
              "create": "15m",
              "delete": "10m",
              "update": "5m"
            },
            "zone": "ru-central1-a"
          },
          "sensitive_attributes": [],
          "private": "eyJlMmJmYjczMC1lY2FhLTExZTYtOGY4OC0zNDM2M2JjN2M0YzAiOnsiY3JlYXRlIjo5MDAwMDAwMDAwMDAsImRlbGV0ZSI6NjAwMDAwMDAwMDAwLCJ1cGRhdGUiOjMwMDAwMDAwMDAwMH0sInNjaGVtYV92ZXJzaW9uIjoiMSJ9",
          "dependencies": [
            "data.yandex_compute_image.ubuntu-image"
          ]
        },
        {
          "index_key": 4,
          "schema_version": 1,
          "attributes": {
            "allow_recreate": null,
            "allow_stopping_for_update": null,
            "boot_disk": [
              {
                "auto_delete": true,
                "device_name": "fhm5a3nrgvbuoto7jhe6",
                "disk_id": "fhm5a3nrgvbuoto7jhe6",
                "initialize_params": [
                  {
                    "block_size": 4096,
                    "description": "",
                    "image_id": "fd8si6gmot2u7jc6j386",
                    "name": "",
                    "size": 30,
                    "snapshot_id": "",
                    "type": "network-ssd"
                  }
                ],
                "mode": "READ_WRITE"
              }
            ],
            "created_at": "2024-03-26T08:46:53Z",
            "description": "",
            "filesystem": [],
            "folder_id": "b1g3ag9m932ds92jhgtr",
            "fqdn": "fhmsc3a3qenc2e1gl3fc.auto.internal",
            "gpu_cluster_id": "",
            "hostname": "",
            "id": "fhmsc3a3qenc2e1gl3fc",
            "labels": {},
            "local_disk": [],
            "maintenance_grace_period": "",
            "maintenance_policy": null,
            "metadata": {
              "ssh-keys": "ubuntu:ssh-ed25519 AAAAC3NzaC1lZDI1NTE5AAAAIJMQZm/YFrz1Qaevs+YSHswd8XmQRRPZMcXi6LmVFKBC a.s.shmakov33@yandex.ru\n"
            },
            "metadata_options": [
              {
                "aws_v1_http_endpoint": 1,
                "aws_v1_http_token": 2,
                "gce_http_endpoint": 1,
                "gce_http_token": 1
              }
            ],
            "name": "k8s-4",
            "network_acceleration_type": "standard",
            "network_interface": [
              {
                "dns_record": [],
                "index": 0,
                "ip_address": "10.128.0.30",
                "ipv4": true,
                "ipv6": false,
                "ipv6_address": "",
                "ipv6_dns_record": [],
                "mac_address": "d0:0d:1c:60:d4:3d",
                "nat": true,
                "nat_dns_record": [],
                "nat_ip_address": "158.160.53.191",
                "nat_ip_version": "IPV4",
                "security_group_ids": [],
                "subnet_id": "e9b3c3psr2ev2v2di99u"
              }
            ],
            "placement_policy": [
              {
                "host_affinity_rules": [],
                "placement_group_id": "",
                "placement_group_partition": 0
              }
            ],
            "platform_id": "standard-v1",
            "resources": [
              {
                "core_fraction": 100,
                "cores": 4,
                "gpus": 0,
                "memory": 4
              }
            ],
            "scheduling_policy": [
              {
                "preemptible": false
              }
            ],
            "secondary_disk": [],
            "service_account_id": "",
            "status": "running",
            "timeouts": {
              "create": "15m",
              "delete": "10m",
              "update": "5m"
            },
            "zone": "ru-central1-a"
          },
          "sensitive_attributes": [],
          "private": "eyJlMmJmYjczMC1lY2FhLTExZTYtOGY4OC0zNDM2M2JjN2M0YzAiOnsiY3JlYXRlIjo5MDAwMDAwMDAwMDAsImRlbGV0ZSI6NjAwMDAwMDAwMDAwLCJ1cGRhdGUiOjMwMDAwMDAwMDAwMH0sInNjaGVtYV92ZXJzaW9uIjoiMSJ9",
          "dependencies": [
            "data.yandex_compute_image.ubuntu-image"
          ]
        },
        {
          "index_key": 5,
          "schema_version": 1,
          "attributes": {
            "allow_recreate": null,
            "allow_stopping_for_update": null,
            "boot_disk": [
              {
                "auto_delete": true,
                "device_name": "fhm35qv7hf7272oait2p",
                "disk_id": "fhm35qv7hf7272oait2p",
                "initialize_params": [
                  {
                    "block_size": 4096,
                    "description": "",
                    "image_id": "fd8si6gmot2u7jc6j386",
                    "name": "",
                    "size": 30,
                    "snapshot_id": "",
                    "type": "network-ssd"
                  }
                ],
                "mode": "READ_WRITE"
              }
            ],
            "created_at": "2024-03-26T08:46:53Z",
            "description": "",
            "filesystem": [],
            "folder_id": "b1g3ag9m932ds92jhgtr",
            "fqdn": "fhmt9e48o94u5vdur8jr.auto.internal",
            "gpu_cluster_id": "",
            "hostname": "",
            "id": "fhmt9e48o94u5vdur8jr",
            "labels": {},
            "local_disk": [],
            "maintenance_grace_period": "",
            "maintenance_policy": null,
            "metadata": {
              "ssh-keys": "ubuntu:ssh-ed25519 AAAAC3NzaC1lZDI1NTE5AAAAIJMQZm/YFrz1Qaevs+YSHswd8XmQRRPZMcXi6LmVFKBC a.s.shmakov33@yandex.ru\n"
            },
            "metadata_options": [
              {
                "aws_v1_http_endpoint": 1,
                "aws_v1_http_token": 2,
                "gce_http_endpoint": 1,
                "gce_http_token": 1
              }
            ],
            "name": "k8s-5",
            "network_acceleration_type": "standard",
            "network_interface": [
              {
                "dns_record": [],
                "index": 0,
                "ip_address": "10.128.0.28",
                "ipv4": true,
                "ipv6": false,
                "ipv6_address": "",
                "ipv6_dns_record": [],
                "mac_address": "d0:0d:1d:4b:88:8c",
                "nat": true,
                "nat_dns_record": [],
                "nat_ip_address": "158.160.34.68",
                "nat_ip_version": "IPV4",
                "security_group_ids": [],
                "subnet_id": "e9b3c3psr2ev2v2di99u"
              }
            ],
            "placement_policy": [
              {
                "host_affinity_rules": [],
                "placement_group_id": "",
                "placement_group_partition": 0
              }
            ],
            "platform_id": "standard-v1",
            "resources": [
              {
                "core_fraction": 100,
                "cores": 4,
                "gpus": 0,
                "memory": 4
              }
            ],
            "scheduling_policy": [
              {
                "preemptible": false
              }
            ],
            "secondary_disk": [],
            "service_account_id": "",
            "status": "running",
            "timeouts": {
              "create": "15m",
              "delete": "10m",
              "update": "5m"
            },
            "zone": "ru-central1-a"
          },
          "sensitive_attributes": [],
          "private": "eyJlMmJmYjczMC1lY2FhLTExZTYtOGY4OC0zNDM2M2JjN2M0YzAiOnsiY3JlYXRlIjo5MDAwMDAwMDAwMDAsImRlbGV0ZSI6NjAwMDAwMDAwMDAwLCJ1cGRhdGUiOjMwMDAwMDAwMDAwMH0sInNjaGVtYV92ZXJzaW9uIjoiMSJ9",
          "dependencies": [
            "data.yandex_compute_image.ubuntu-image"
          ]
        }
      ]
    }
  ],
  "check_results": null
}
